
Microsoft Visual Studio Solution File, Format Version 12.00
# Visual Studio Version 17
VisualStudioVersion = 17.4.33205.214
MinimumVisualStudioVersion = 10.0.40219.1
Project("{FAE04EC0-301F-11D3-BF4B-00C04F79EFBC}") = "test", "test\test.csproj", "{069CDB43-5801-4563-9813-D8C3DE928C24}"
EndProject
Global
	GlobalSection(SolutionConfigurationPlatforms) = preSolution
		Debug|Any CPU = Debug|Any CPU
		Release|Any CPU = Release|Any CPU
	EndGlobalSection
	GlobalSection(ProjectConfigurationPlatforms) = postSolution
		{069CDB43-5801-4563-9813-D8C3DE928C24}.Debug|Any CPU.ActiveCfg = Debug|Any CPU
		{069CDB43-5801-4563-9813-D8C3DE928C24}.Debug|Any CPU.Build.0 = Debug|Any CPU
		{069CDB43-5801-4563-9813-D8C3DE928C24}.Release|Any CPU.ActiveCfg = Release|Any CPU
		{069CDB43-5801-4563-9813-D8C3DE928C24}.Release|Any CPU.Build.0 = Release|Any CPU
	EndGlobalSection
	GlobalSection(SolutionProperties) = preSolution
		HideSolutionNode = FALSE
	EndGlobalSection
	GlobalSection(ExtensibilityGlobals) = postSolution
		SolutionGuid = {74A7D7E4-8737-4E8A-B2E3-470D7E15EF30}
	EndGlobalSection
EndGlobal
